// !$*UTF8*$!
{
	archiveVersion = 1;
	classes = {
	};
	objectVersion = 46;
	objects = {

/* Begin PBXBuildFile section */
		8304ACEC1D35643800E149CA /* KnockHTF52Cru in Resources */ = {isa = PBXBuildFile; fileRef = 8304ACEB1D35643800E149CA /* KnockHTF52Cru */; };
		8304ACF71D36A5DA00E149CA /* ScrollWheel.png in Resources */ = {isa = PBXBuildFile; fileRef = 8304ACF61D36A5DA00E149CA /* ScrollWheel.png */; };
		8304ACF91D36EC2000E149CA /* CardViewController.swift in Sources */ = {isa = PBXBuildFile; fileRef = 8304ACF81D36EC2000E149CA /* CardViewController.swift */; };
		8359CFAF1D27282100A314EA /* AppDelegate.swift in Sources */ = {isa = PBXBuildFile; fileRef = 8359CFAE1D27282100A314EA /* AppDelegate.swift */; };
		8359CFB11D27282100A314EA /* ViewController.swift in Sources */ = {isa = PBXBuildFile; fileRef = 8359CFB01D27282100A314EA /* ViewController.swift */; };
		8359CFB41D27282100A314EA /* Main.storyboard in Resources */ = {isa = PBXBuildFile; fileRef = 8359CFB21D27282100A314EA /* Main.storyboard */; };
		8359CFB71D27282100A314EA /* daze_swipe.xcdatamodeld in Sources */ = {isa = PBXBuildFile; fileRef = 8359CFB51D27282100A314EA /* daze_swipe.xcdatamodeld */; };
		8359CFB91D27282100A314EA /* Assets.xcassets in Resources */ = {isa = PBXBuildFile; fileRef = 8359CFB81D27282100A314EA /* Assets.xcassets */; };
		8359CFBC1D27282100A314EA /* LaunchScreen.storyboard in Resources */ = {isa = PBXBuildFile; fileRef = 8359CFBA1D27282100A314EA /* LaunchScreen.storyboard */; };
		8359CFC71D27282100A314EA /* daze_swipeTests.swift in Sources */ = {isa = PBXBuildFile; fileRef = 8359CFC61D27282100A314EA /* daze_swipeTests.swift */; };
		8359CFD21D27282100A314EA /* daze_swipeUITests.swift in Sources */ = {isa = PBXBuildFile; fileRef = 8359CFD11D27282100A314EA /* daze_swipeUITests.swift */; };
		8359CFE21D272B3100A314EA /* dayView.swift in Sources */ = {isa = PBXBuildFile; fileRef = 8359CFE11D272B3100A314EA /* dayView.swift */; };
		83E932431D27372C0008047D /* cardCellView.swift in Sources */ = {isa = PBXBuildFile; fileRef = 83E932421D27372C0008047D /* cardCellView.swift */; };
		83E932451D27376E0008047D /* CardClass.swift in Sources */ = {isa = PBXBuildFile; fileRef = 83E932441D27376E0008047D /* CardClass.swift */; };
		83E932471D274EE10008047D /* dummy.json in Resources */ = {isa = PBXBuildFile; fileRef = 83E932461D274EE10008047D /* dummy.json */; };
		83E9A6561D2ECDB1002FAD25 /* dazeScrollView.swift in Sources */ = {isa = PBXBuildFile; fileRef = 83E9A6551D2ECDB1002FAD25 /* dazeScrollView.swift */; };
		83E9A65A1D2EE21F002FAD25 /* Event_pattern.png in Resources */ = {isa = PBXBuildFile; fileRef = 83E9A6571D2EE21F002FAD25 /* Event_pattern.png */; };
		83E9A65B1D2EE21F002FAD25 /* Food_pattern.png in Resources */ = {isa = PBXBuildFile; fileRef = 83E9A6581D2EE21F002FAD25 /* Food_pattern.png */; };
		83E9A65C1D2EE21F002FAD25 /* Music_pattern.png in Resources */ = {isa = PBXBuildFile; fileRef = 83E9A6591D2EE21F002FAD25 /* Music_pattern.png */; };
		83E9A6601D2EE4BC002FAD25 /* Event_pattern Copy.png in Resources */ = {isa = PBXBuildFile; fileRef = 83E9A65D1D2EE4BC002FAD25 /* Event_pattern Copy.png */; };
		83E9A6611D2EE4BC002FAD25 /* Food_pattern Copy.png in Resources */ = {isa = PBXBuildFile; fileRef = 83E9A65E1D2EE4BC002FAD25 /* Food_pattern Copy.png */; };
		83E9A6621D2EE4BC002FAD25 /* Music_pattern Copy.png in Resources */ = {isa = PBXBuildFile; fileRef = 83E9A65F1D2EE4BC002FAD25 /* Music_pattern Copy.png */; };
		83E9A6641D2EEFFD002FAD25 /* launchImage.png in Resources */ = {isa = PBXBuildFile; fileRef = 83E9A6631D2EEFFD002FAD25 /* launchImage.png */; };
		83E9A6661D2EF102002FAD25 /* 180 - iPhone 6 Plus.png in Resources */ = {isa = PBXBuildFile; fileRef = 83E9A6651D2EF102002FAD25 /* 180 - iPhone 6 Plus.png */; };
		83E9A6681D2EF1FC002FAD25 /* icon in Resources */ = {isa = PBXBuildFile; fileRef = 83E9A6671D2EF1FC002FAD25 /* icon */; };
		83E9A66A1D2EF285002FAD25 /* ScrollWheelView.swift in Sources */ = {isa = PBXBuildFile; fileRef = 83E9A6691D2EF285002FAD25 /* ScrollWheelView.swift */; };
		83E9A66C1D2F5335002FAD25 /* map.png in Resources */ = {isa = PBXBuildFile; fileRef = 83E9A66B1D2F5335002FAD25 /* map.png */; };
		83EDC8FD1D373AE600F40368 /* OpenCardController.swift in Sources */ = {isa = PBXBuildFile; fileRef = 83EDC8FC1D373AE600F40368 /* OpenCardController.swift */; };
		83EDC9001D374DDA00F40368 /* CloseCardController.swift in Sources */ = {isa = PBXBuildFile; fileRef = 83EDC8FF1D374DDA00F40368 /* CloseCardController.swift */; };
/* End PBXBuildFile section */

/* Begin PBXContainerItemProxy section */
		8359CFC31D27282100A314EA /* PBXContainerItemProxy */ = {
			isa = PBXContainerItemProxy;
			containerPortal = 8359CFA31D27282100A314EA /* Project object */;
			proxyType = 1;
			remoteGlobalIDString = 8359CFAA1D27282100A314EA;
			remoteInfo = "daze-swipe";
		};
		8359CFCE1D27282100A314EA /* PBXContainerItemProxy */ = {
			isa = PBXContainerItemProxy;
			containerPortal = 8359CFA31D27282100A314EA /* Project object */;
			proxyType = 1;
			remoteGlobalIDString = 8359CFAA1D27282100A314EA;
			remoteInfo = "daze-swipe";
		};
/* End PBXContainerItemProxy section */

/* Begin PBXFileReference section */
		8304ACEB1D35643800E149CA /* KnockHTF52Cru */ = {isa = PBXFileReference; fileEncoding = 4; lastKnownFileType = text; name = KnockHTF52Cru; path = "../../../../../Dropbox/_Design Resources/Design Assets/Design/Fonts/Print Fonts/Knockout/Knockout/KnockHTF52Cru"; sourceTree = "<group>"; };
		8304ACED1D35646100E149CA /* DroidSans-Bold.ttf */ = {isa = PBXFileReference; lastKnownFileType = file; name = "DroidSans-Bold.ttf"; path = "../../../../../Dropbox/_Design Resources/Design Assets/Design/Fonts/Android/Droid/DroidSans-Bold.ttf"; sourceTree = "<group>"; };
		8304ACEE1D35646100E149CA /* DroidSans.ttf */ = {isa = PBXFileReference; lastKnownFileType = file; name = DroidSans.ttf; path = "../../../../../Dropbox/_Design Resources/Design Assets/Design/Fonts/Android/Droid/DroidSans.ttf"; sourceTree = "<group>"; };
		8304ACEF1D35646100E149CA /* DroidSansFallback.ttf */ = {isa = PBXFileReference; lastKnownFileType = file; name = DroidSansFallback.ttf; path = "../../../../../Dropbox/_Design Resources/Design Assets/Design/Fonts/Android/Droid/DroidSansFallback.ttf"; sourceTree = "<group>"; };
		8304ACF01D35646100E149CA /* DroidSansJapanese.ttf */ = {isa = PBXFileReference; lastKnownFileType = file; name = DroidSansJapanese.ttf; path = "../../../../../Dropbox/_Design Resources/Design Assets/Design/Fonts/Android/Droid/DroidSansJapanese.ttf"; sourceTree = "<group>"; };
		8304ACF11D35646100E149CA /* DroidSansMono.ttf */ = {isa = PBXFileReference; lastKnownFileType = file; name = DroidSansMono.ttf; path = "../../../../../Dropbox/_Design Resources/Design Assets/Design/Fonts/Android/Droid/DroidSansMono.ttf"; sourceTree = "<group>"; };
		8304ACF21D35646100E149CA /* DroidSerif-Bold.ttf */ = {isa = PBXFileReference; lastKnownFileType = file; name = "DroidSerif-Bold.ttf"; path = "../../../../../Dropbox/_Design Resources/Design Assets/Design/Fonts/Android/Droid/DroidSerif-Bold.ttf"; sourceTree = "<group>"; };
		8304ACF31D35646100E149CA /* DroidSerif-BoldItalic.ttf */ = {isa = PBXFileReference; lastKnownFileType = file; name = "DroidSerif-BoldItalic.ttf"; path = "../../../../../Dropbox/_Design Resources/Design Assets/Design/Fonts/Android/Droid/DroidSerif-BoldItalic.ttf"; sourceTree = "<group>"; };
		8304ACF41D35646100E149CA /* DroidSerif-Italic.ttf */ = {isa = PBXFileReference; lastKnownFileType = file; name = "DroidSerif-Italic.ttf"; path = "../../../../../Dropbox/_Design Resources/Design Assets/Design/Fonts/Android/Droid/DroidSerif-Italic.ttf"; sourceTree = "<group>"; };
		8304ACF51D35646100E149CA /* DroidSerif-Regular.ttf */ = {isa = PBXFileReference; lastKnownFileType = file; name = "DroidSerif-Regular.ttf"; path = "../../../../../Dropbox/_Design Resources/Design Assets/Design/Fonts/Android/Droid/DroidSerif-Regular.ttf"; sourceTree = "<group>"; };
		8304ACF61D36A5DA00E149CA /* ScrollWheel.png */ = {isa = PBXFileReference; lastKnownFileType = image.png; name = ScrollWheel.png; path = ../../../../../Dropbox/_dailyDesign/160628_DCDaze/ScrollWheel.png; sourceTree = "<group>"; };
		8304ACF81D36EC2000E149CA /* CardViewController.swift */ = {isa = PBXFileReference; fileEncoding = 4; lastKnownFileType = sourcecode.swift; path = CardViewController.swift; sourceTree = "<group>"; };
		8359CFAB1D27282100A314EA /* daze-swipe.app */ = {isa = PBXFileReference; explicitFileType = wrapper.application; includeInIndex = 0; path = "daze-swipe.app"; sourceTree = BUILT_PRODUCTS_DIR; };
		8359CFAE1D27282100A314EA /* AppDelegate.swift */ = {isa = PBXFileReference; lastKnownFileType = sourcecode.swift; path = AppDelegate.swift; sourceTree = "<group>"; };
		8359CFB01D27282100A314EA /* ViewController.swift */ = {isa = PBXFileReference; lastKnownFileType = sourcecode.swift; path = ViewController.swift; sourceTree = "<group>"; };
		8359CFB31D27282100A314EA /* Base */ = {isa = PBXFileReference; lastKnownFileType = file.storyboard; name = Base; path = Base.lproj/Main.storyboard; sourceTree = "<group>"; };
		8359CFB61D27282100A314EA /* daze_swipe.xcdatamodel */ = {isa = PBXFileReference; lastKnownFileType = wrapper.xcdatamodel; path = daze_swipe.xcdatamodel; sourceTree = "<group>"; };
		8359CFB81D27282100A314EA /* Assets.xcassets */ = {isa = PBXFileReference; lastKnownFileType = folder.assetcatalog; path = Assets.xcassets; sourceTree = "<group>"; };
		8359CFBB1D27282100A314EA /* Base */ = {isa = PBXFileReference; lastKnownFileType = file.storyboard; name = Base; path = Base.lproj/LaunchScreen.storyboard; sourceTree = "<group>"; };
		8359CFBD1D27282100A314EA /* Info.plist */ = {isa = PBXFileReference; lastKnownFileType = text.plist.xml; path = Info.plist; sourceTree = "<group>"; };
		8359CFC21D27282100A314EA /* daze-swipeTests.xctest */ = {isa = PBXFileReference; explicitFileType = wrapper.cfbundle; includeInIndex = 0; path = "daze-swipeTests.xctest"; sourceTree = BUILT_PRODUCTS_DIR; };
		8359CFC61D27282100A314EA /* daze_swipeTests.swift */ = {isa = PBXFileReference; lastKnownFileType = sourcecode.swift; path = daze_swipeTests.swift; sourceTree = "<group>"; };
		8359CFC81D27282100A314EA /* Info.plist */ = {isa = PBXFileReference; lastKnownFileType = text.plist.xml; path = Info.plist; sourceTree = "<group>"; };
		8359CFCD1D27282100A314EA /* daze-swipeUITests.xctest */ = {isa = PBXFileReference; explicitFileType = wrapper.cfbundle; includeInIndex = 0; path = "daze-swipeUITests.xctest"; sourceTree = BUILT_PRODUCTS_DIR; };
		8359CFD11D27282100A314EA /* daze_swipeUITests.swift */ = {isa = PBXFileReference; lastKnownFileType = sourcecode.swift; path = daze_swipeUITests.swift; sourceTree = "<group>"; };
		8359CFD31D27282100A314EA /* Info.plist */ = {isa = PBXFileReference; lastKnownFileType = text.plist.xml; path = Info.plist; sourceTree = "<group>"; };
		8359CFE11D272B3100A314EA /* dayView.swift */ = {isa = PBXFileReference; fileEncoding = 4; lastKnownFileType = sourcecode.swift; path = dayView.swift; sourceTree = "<group>"; };
		83E932421D27372C0008047D /* cardCellView.swift */ = {isa = PBXFileReference; fileEncoding = 4; lastKnownFileType = sourcecode.swift; path = cardCellView.swift; sourceTree = "<group>"; };
		83E932441D27376E0008047D /* CardClass.swift */ = {isa = PBXFileReference; fileEncoding = 4; lastKnownFileType = sourcecode.swift; path = CardClass.swift; sourceTree = "<group>"; };
		83E932461D274EE10008047D /* dummy.json */ = {isa = PBXFileReference; fileEncoding = 4; lastKnownFileType = text.json; name = dummy.json; path = support/dummy.json; sourceTree = "<group>"; };
		83E9A6551D2ECDB1002FAD25 /* dazeScrollView.swift */ = {isa = PBXFileReference; fileEncoding = 4; lastKnownFileType = sourcecode.swift; path = dazeScrollView.swift; sourceTree = "<group>"; };
		83E9A6571D2EE21F002FAD25 /* Event_pattern.png */ = {isa = PBXFileReference; lastKnownFileType = image.png; name = Event_pattern.png; path = ../../../../../Dropbox/_dailyDesign/160628_DCDaze/Event_pattern.png; sourceTree = "<group>"; };
		83E9A6581D2EE21F002FAD25 /* Food_pattern.png */ = {isa = PBXFileReference; lastKnownFileType = image.png; name = Food_pattern.png; path = ../../../../../Dropbox/_dailyDesign/160628_DCDaze/Food_pattern.png; sourceTree = "<group>"; };
		83E9A6591D2EE21F002FAD25 /* Music_pattern.png */ = {isa = PBXFileReference; lastKnownFileType = image.png; name = Music_pattern.png; path = ../../../../../Dropbox/_dailyDesign/160628_DCDaze/Music_pattern.png; sourceTree = "<group>"; };
		83E9A65D1D2EE4BC002FAD25 /* Event_pattern Copy.png */ = {isa = PBXFileReference; lastKnownFileType = image.png; name = "Event_pattern Copy.png"; path = "../../../../../Dropbox/_dailyDesign/160628_DCDaze/Event_pattern Copy.png"; sourceTree = "<group>"; };
		83E9A65E1D2EE4BC002FAD25 /* Food_pattern Copy.png */ = {isa = PBXFileReference; lastKnownFileType = image.png; name = "Food_pattern Copy.png"; path = "../../../../../Dropbox/_dailyDesign/160628_DCDaze/Food_pattern Copy.png"; sourceTree = "<group>"; };
		83E9A65F1D2EE4BC002FAD25 /* Music_pattern Copy.png */ = {isa = PBXFileReference; lastKnownFileType = image.png; name = "Music_pattern Copy.png"; path = "../../../../../Dropbox/_dailyDesign/160628_DCDaze/Music_pattern Copy.png"; sourceTree = "<group>"; };
		83E9A6631D2EEFFD002FAD25 /* launchImage.png */ = {isa = PBXFileReference; lastKnownFileType = image.png; name = launchImage.png; path = ../../../../../Dropbox/_dailyDesign/160628_DCDaze/launchImage.png; sourceTree = "<group>"; };
		83E9A6651D2EF102002FAD25 /* 180 - iPhone 6 Plus.png */ = {isa = PBXFileReference; lastKnownFileType = image.png; name = "180 - iPhone 6 Plus.png"; path = "../../../../../Dropbox/_dailyDesign/160628_DCDaze/180 - iPhone 6 Plus.png"; sourceTree = "<group>"; };
		83E9A6671D2EF1FC002FAD25 /* icon */ = {isa = PBXFileReference; lastKnownFileType = folder; name = icon; path = ../../../../../Dropbox/_dailyDesign/160628_DCDaze/icon; sourceTree = "<group>"; };
		83E9A6691D2EF285002FAD25 /* ScrollWheelView.swift */ = {isa = PBXFileReference; fileEncoding = 4; lastKnownFileType = sourcecode.swift; name = ScrollWheelView.swift; path = ../ScrollWheelView.swift; sourceTree = "<group>"; };
		83E9A66B1D2F5335002FAD25 /* map.png */ = {isa = PBXFileReference; lastKnownFileType = image.png; name = map.png; path = ../../../../../Desktop/map.png; sourceTree = "<group>"; };
		83EDC8FC1D373AE600F40368 /* OpenCardController.swift */ = {isa = PBXFileReference; fileEncoding = 4; lastKnownFileType = sourcecode.swift; name = OpenCardController.swift; path = AnimationController/OpenCardController.swift; sourceTree = "<group>"; };
		83EDC8FF1D374DDA00F40368 /* CloseCardController.swift */ = {isa = PBXFileReference; fileEncoding = 4; lastKnownFileType = sourcecode.swift; name = CloseCardController.swift; path = AnimationController/CloseCardController.swift; sourceTree = "<group>"; };
/* End PBXFileReference section */

/* Begin PBXFrameworksBuildPhase section */
		8359CFA81D27282100A314EA /* Frameworks */ = {
			isa = PBXFrameworksBuildPhase;
			buildActionMask = 2147483647;
			files = (
			);
			runOnlyForDeploymentPostprocessing = 0;
		};
		8359CFBF1D27282100A314EA /* Frameworks */ = {
			isa = PBXFrameworksBuildPhase;
			buildActionMask = 2147483647;
			files = (
			);
			runOnlyForDeploymentPostprocessing = 0;
		};
		8359CFCA1D27282100A314EA /* Frameworks */ = {
			isa = PBXFrameworksBuildPhase;
			buildActionMask = 2147483647;
			files = (
			);
			runOnlyForDeploymentPostprocessing = 0;
		};
/* End PBXFrameworksBuildPhase section */

/* Begin PBXGroup section */
		8304ACEA1D35641600E149CA /* fonts */ = {
			isa = PBXGroup;
			children = (
				8304ACED1D35646100E149CA /* DroidSans-Bold.ttf */,
				8304ACEE1D35646100E149CA /* DroidSans.ttf */,
				8304ACEF1D35646100E149CA /* DroidSansFallback.ttf */,
				8304ACF01D35646100E149CA /* DroidSansJapanese.ttf */,
				8304ACF11D35646100E149CA /* DroidSansMono.ttf */,
				8304ACF21D35646100E149CA /* DroidSerif-Bold.ttf */,
				8304ACF31D35646100E149CA /* DroidSerif-BoldItalic.ttf */,
				8304ACF41D35646100E149CA /* DroidSerif-Italic.ttf */,
				8304ACF51D35646100E149CA /* DroidSerif-Regular.ttf */,
				8304ACEB1D35643800E149CA /* KnockHTF52Cru */,
			);
			name = fonts;
			sourceTree = "<group>";
		};
		8359CFA21D27282100A314EA = {
			isa = PBXGroup;
			children = (
				8359CFAD1D27282100A314EA /* daze-swipe */,
				8359CFC51D27282100A314EA /* daze-swipeTests */,
				8359CFD01D27282100A314EA /* daze-swipeUITests */,
				8359CFAC1D27282100A314EA /* Products */,
			);
			sourceTree = "<group>";
		};
		8359CFAC1D27282100A314EA /* Products */ = {
			isa = PBXGroup;
			children = (
				8359CFAB1D27282100A314EA /* daze-swipe.app */,
				8359CFC21D27282100A314EA /* daze-swipeTests.xctest */,
				8359CFCD1D27282100A314EA /* daze-swipeUITests.xctest */,
			);
			name = Products;
			sourceTree = "<group>";
		};
		8359CFAD1D27282100A314EA /* daze-swipe */ = {
			isa = PBXGroup;
			children = (
				8359CFAE1D27282100A314EA /* AppDelegate.swift */,
				83EDC9011D374F4B00F40368 /* Scroll */,
				8359CFB01D27282100A314EA /* ViewController.swift */,
				8359CFE11D272B3100A314EA /* dayView.swift */,
				83E932421D27372C0008047D /* cardCellView.swift */,
				8304ACF81D36EC2000E149CA /* CardViewController.swift */,
				83EDC9021D374F6200F40368 /* Model */,
				83EDC8FE1D373AF100F40368 /* Animation */,
				8359CFB21D27282100A314EA /* Main.storyboard */,
				8359CFB81D27282100A314EA /* Assets.xcassets */,
				8359CFBA1D27282100A314EA /* LaunchScreen.storyboard */,
				8359CFBD1D27282100A314EA /* Info.plist */,
				8359CFB51D27282100A314EA /* daze_swipe.xcdatamodeld */,
				83E932461D274EE10008047D /* dummy.json */,
				83E9A6541D2EB399002FAD25 /* Assets */,
			);
			path = "daze-swipe";
			sourceTree = "<group>";
		};
		8359CFC51D27282100A314EA /* daze-swipeTests */ = {
			isa = PBXGroup;
			children = (
				8359CFC61D27282100A314EA /* daze_swipeTests.swift */,
				8359CFC81D27282100A314EA /* Info.plist */,
			);
			path = "daze-swipeTests";
			sourceTree = "<group>";
		};
		8359CFD01D27282100A314EA /* daze-swipeUITests */ = {
			isa = PBXGroup;
			children = (
				8359CFD11D27282100A314EA /* daze_swipeUITests.swift */,
				8359CFD31D27282100A314EA /* Info.plist */,
			);
			path = "daze-swipeUITests";
			sourceTree = "<group>";
		};
		83E9A6541D2EB399002FAD25 /* Assets */ = {
			isa = PBXGroup;
			children = (
				8304ACEA1D35641600E149CA /* fonts */,
				83E9A66B1D2F5335002FAD25 /* map.png */,
				8304ACF61D36A5DA00E149CA /* ScrollWheel.png */,
				83E9A6671D2EF1FC002FAD25 /* icon */,
				83E9A6631D2EEFFD002FAD25 /* launchImage.png */,
				83E9A6651D2EF102002FAD25 /* 180 - iPhone 6 Plus.png */,
				83E9A65D1D2EE4BC002FAD25 /* Event_pattern Copy.png */,
				83E9A65E1D2EE4BC002FAD25 /* Food_pattern Copy.png */,
				83E9A65F1D2EE4BC002FAD25 /* Music_pattern Copy.png */,
				83E9A6571D2EE21F002FAD25 /* Event_pattern.png */,
				83E9A6581D2EE21F002FAD25 /* Food_pattern.png */,
				83E9A6591D2EE21F002FAD25 /* Music_pattern.png */,
			);
			name = Assets;
			sourceTree = "<group>";
		};
		83EDC8FE1D373AF100F40368 /* Animation */ = {
			isa = PBXGroup;
			children = (
				83EDC8FC1D373AE600F40368 /* OpenCardController.swift */,
				83EDC8FF1D374DDA00F40368 /* CloseCardController.swift */,
			);
			name = Animation;
			sourceTree = "<group>";
		};
		83EDC9011D374F4B00F40368 /* Scroll */ = {
			isa = PBXGroup;
			children = (
				83E9A6551D2ECDB1002FAD25 /* dazeScrollView.swift */,
				83E9A6691D2EF285002FAD25 /* ScrollWheelView.swift */,
			);
			name = Scroll;
			sourceTree = "<group>";
		};
		83EDC9021D374F6200F40368 /* Model */ = {
			isa = PBXGroup;
			children = (
				83E932441D27376E0008047D /* CardClass.swift */,
			);
			name = Model;
			sourceTree = "<group>";
		};
/* End PBXGroup section */

/* Begin PBXNativeTarget section */
		8359CFAA1D27282100A314EA /* daze-swipe */ = {
			isa = PBXNativeTarget;
			buildConfigurationList = 8359CFD61D27282100A314EA /* Build configuration list for PBXNativeTarget "daze-swipe" */;
			buildPhases = (
				8359CFA71D27282100A314EA /* Sources */,
				8359CFA81D27282100A314EA /* Frameworks */,
				8359CFA91D27282100A314EA /* Resources */,
			);
			buildRules = (
			);
			dependencies = (
			);
			name = "daze-swipe";
			productName = "daze-swipe";
			productReference = 8359CFAB1D27282100A314EA /* daze-swipe.app */;
			productType = "com.apple.product-type.application";
		};
		8359CFC11D27282100A314EA /* daze-swipeTests */ = {
			isa = PBXNativeTarget;
			buildConfigurationList = 8359CFD91D27282100A314EA /* Build configuration list for PBXNativeTarget "daze-swipeTests" */;
			buildPhases = (
				8359CFBE1D27282100A314EA /* Sources */,
				8359CFBF1D27282100A314EA /* Frameworks */,
				8359CFC01D27282100A314EA /* Resources */,
			);
			buildRules = (
			);
			dependencies = (
				8359CFC41D27282100A314EA /* PBXTargetDependency */,
			);
			name = "daze-swipeTests";
			productName = "daze-swipeTests";
			productReference = 8359CFC21D27282100A314EA /* daze-swipeTests.xctest */;
			productType = "com.apple.product-type.bundle.unit-test";
		};
		8359CFCC1D27282100A314EA /* daze-swipeUITests */ = {
			isa = PBXNativeTarget;
			buildConfigurationList = 8359CFDC1D27282100A314EA /* Build configuration list for PBXNativeTarget "daze-swipeUITests" */;
			buildPhases = (
				8359CFC91D27282100A314EA /* Sources */,
				8359CFCA1D27282100A314EA /* Frameworks */,
				8359CFCB1D27282100A314EA /* Resources */,
			);
			buildRules = (
			);
			dependencies = (
				8359CFCF1D27282100A314EA /* PBXTargetDependency */,
			);
			name = "daze-swipeUITests";
			productName = "daze-swipeUITests";
			productReference = 8359CFCD1D27282100A314EA /* daze-swipeUITests.xctest */;
			productType = "com.apple.product-type.bundle.ui-testing";
		};
/* End PBXNativeTarget section */

/* Begin PBXProject section */
		8359CFA31D27282100A314EA /* Project object */ = {
			isa = PBXProject;
			attributes = {
				LastSwiftUpdateCheck = 0730;
				LastUpgradeCheck = 0730;
				ORGANIZATIONNAME = RelayStudio;
				TargetAttributes = {
					8359CFAA1D27282100A314EA = {
						CreatedOnToolsVersion = 7.3.1;
						DevelopmentTeam = X9ZE6E9DJ2;
					};
					8359CFC11D27282100A314EA = {
						CreatedOnToolsVersion = 7.3.1;
						TestTargetID = 8359CFAA1D27282100A314EA;
					};
					8359CFCC1D27282100A314EA = {
						CreatedOnToolsVersion = 7.3.1;
						TestTargetID = 8359CFAA1D27282100A314EA;
					};
				};
			};
			buildConfigurationList = 8359CFA61D27282100A314EA /* Build configuration list for PBXProject "daze-swipe" */;
			compatibilityVersion = "Xcode 3.2";
			developmentRegion = English;
			hasScannedForEncodings = 0;
			knownRegions = (
				en,
				Base,
			);
			mainGroup = 8359CFA21D27282100A314EA;
			productRefGroup = 8359CFAC1D27282100A314EA /* Products */;
			projectDirPath = "";
			projectRoot = "";
			targets = (
				8359CFAA1D27282100A314EA /* daze-swipe */,
				8359CFC11D27282100A314EA /* daze-swipeTests */,
				8359CFCC1D27282100A314EA /* daze-swipeUITests */,
			);
		};
/* End PBXProject section */

/* Begin PBXResourcesBuildPhase section */
		8359CFA91D27282100A314EA /* Resources */ = {
			isa = PBXResourcesBuildPhase;
			buildActionMask = 2147483647;
			files = (
				83E9A6611D2EE4BC002FAD25 /* Food_pattern Copy.png in Resources */,
				83E9A65A1D2EE21F002FAD25 /* Event_pattern.png in Resources */,
				8359CFBC1D27282100A314EA /* LaunchScreen.storyboard in Resources */,
				8359CFB91D27282100A314EA /* Assets.xcassets in Resources */,
				83E9A6601D2EE4BC002FAD25 /* Event_pattern Copy.png in Resources */,
				83E9A6661D2EF102002FAD25 /* 180 - iPhone 6 Plus.png in Resources */,
				8304ACF71D36A5DA00E149CA /* ScrollWheel.png in Resources */,
				83E9A65C1D2EE21F002FAD25 /* Music_pattern.png in Resources */,
				83E932471D274EE10008047D /* dummy.json in Resources */,
				83E9A6641D2EEFFD002FAD25 /* launchImage.png in Resources */,
				83E9A65B1D2EE21F002FAD25 /* Food_pattern.png in Resources */,
				83E9A66C1D2F5335002FAD25 /* map.png in Resources */,
				83E9A6621D2EE4BC002FAD25 /* Music_pattern Copy.png in Resources */,
				8304ACEC1D35643800E149CA /* KnockHTF52Cru in Resources */,
				83E9A6681D2EF1FC002FAD25 /* icon in Resources */,
				8359CFB41D27282100A314EA /* Main.storyboard in Resources */,
			);
			runOnlyForDeploymentPostprocessing = 0;
		};
		8359CFC01D27282100A314EA /* Resources */ = {
			isa = PBXResourcesBuildPhase;
			buildActionMask = 2147483647;
			files = (
			);
			runOnlyForDeploymentPostprocessing = 0;
		};
		8359CFCB1D27282100A314EA /* Resources */ = {
			isa = PBXResourcesBuildPhase;
			buildActionMask = 2147483647;
			files = (
			);
			runOnlyForDeploymentPostprocessing = 0;
		};
/* End PBXResourcesBuildPhase section */

/* Begin PBXSourcesBuildPhase section */
		8359CFA71D27282100A314EA /* Sources */ = {
			isa = PBXSourcesBuildPhase;
			buildActionMask = 2147483647;
			files = (
				8359CFB11D27282100A314EA /* ViewController.swift in Sources */,
				8359CFE21D272B3100A314EA /* dayView.swift in Sources */,
				83E9A6561D2ECDB1002FAD25 /* dazeScrollView.swift in Sources */,
				83E932451D27376E0008047D /* CardClass.swift in Sources */,
				8359CFAF1D27282100A314EA /* AppDelegate.swift in Sources */,
				83EDC8FD1D373AE600F40368 /* OpenCardController.swift in Sources */,
				8304ACF91D36EC2000E149CA /* CardViewController.swift in Sources */,
				83E932431D27372C0008047D /* cardCellView.swift in Sources */,
				8359CFB71D27282100A314EA /* daze_swipe.xcdatamodeld in Sources */,
				83E9A66A1D2EF285002FAD25 /* ScrollWheelView.swift in Sources */,
				83EDC9001D374DDA00F40368 /* CloseCardController.swift in Sources */,
			);
			runOnlyForDeploymentPostprocessing = 0;
		};
		8359CFBE1D27282100A314EA /* Sources */ = {
			isa = PBXSourcesBuildPhase;
			buildActionMask = 2147483647;
			files = (
				8359CFC71D27282100A314EA /* daze_swipeTests.swift in Sources */,
			);
			runOnlyForDeploymentPostprocessing = 0;
		};
		8359CFC91D27282100A314EA /* Sources */ = {
			isa = PBXSourcesBuildPhase;
			buildActionMask = 2147483647;
			files = (
				8359CFD21D27282100A314EA /* daze_swipeUITests.swift in Sources */,
			);
			runOnlyForDeploymentPostprocessing = 0;
		};
/* End PBXSourcesBuildPhase section */

/* Begin PBXTargetDependency section */
		8359CFC41D27282100A314EA /* PBXTargetDependency */ = {
			isa = PBXTargetDependency;
			target = 8359CFAA1D27282100A314EA /* daze-swipe */;
			targetProxy = 8359CFC31D27282100A314EA /* PBXContainerItemProxy */;
		};
		8359CFCF1D27282100A314EA /* PBXTargetDependency */ = {
			isa = PBXTargetDependency;
			target = 8359CFAA1D27282100A314EA /* daze-swipe */;
			targetProxy = 8359CFCE1D27282100A314EA /* PBXContainerItemProxy */;
		};
/* End PBXTargetDependency section */

/* Begin PBXVariantGroup section */
		8359CFB21D27282100A314EA /* Main.storyboard */ = {
			isa = PBXVariantGroup;
			children = (
				8359CFB31D27282100A314EA /* Base */,
			);
			name = Main.storyboard;
			sourceTree = "<group>";
		};
		8359CFBA1D27282100A314EA /* LaunchScreen.storyboard */ = {
			isa = PBXVariantGroup;
			children = (
				8359CFBB1D27282100A314EA /* Base */,
			);
			name = LaunchScreen.storyboard;
			sourceTree = "<group>";
		};
/* End PBXVariantGroup section */

/* Begin XCBuildConfiguration section */
		8359CFD41D27282100A314EA /* Debug */ = {
			isa = XCBuildConfiguration;
			buildSettings = {
				ALWAYS_SEARCH_USER_PATHS = NO;
				CLANG_ANALYZER_NONNULL = YES;
				CLANG_CXX_LANGUAGE_STANDARD = "gnu++0x";
				CLANG_CXX_LIBRARY = "libc++";
				CLANG_ENABLE_MODULES = YES;
				CLANG_ENABLE_OBJC_ARC = YES;
				CLANG_WARN_BOOL_CONVERSION = YES;
				CLANG_WARN_CONSTANT_CONVERSION = YES;
				CLANG_WARN_DIRECT_OBJC_ISA_USAGE = YES_ERROR;
				CLANG_WARN_EMPTY_BODY = YES;
				CLANG_WARN_ENUM_CONVERSION = YES;
				CLANG_WARN_INT_CONVERSION = YES;
				CLANG_WARN_OBJC_ROOT_CLASS = YES_ERROR;
				CLANG_WARN_UNREACHABLE_CODE = YES;
				CLANG_WARN__DUPLICATE_METHOD_MATCH = YES;
				"CODE_SIGN_IDENTITY[sdk=iphoneos*]" = "iPhone Developer";
				COPY_PHASE_STRIP = NO;
				DEBUG_INFORMATION_FORMAT = dwarf;
				ENABLE_STRICT_OBJC_MSGSEND = YES;
				ENABLE_TESTABILITY = YES;
				GCC_C_LANGUAGE_STANDARD = gnu99;
				GCC_DYNAMIC_NO_PIC = NO;
				GCC_NO_COMMON_BLOCKS = YES;
				GCC_OPTIMIZATION_LEVEL = 0;
				GCC_PREPROCESSOR_DEFINITIONS = (
					"DEBUG=1",
					"$(inherited)",
				);
				GCC_WARN_64_TO_32_BIT_CONVERSION = YES;
				GCC_WARN_ABOUT_RETURN_TYPE = YES_ERROR;
				GCC_WARN_UNDECLARED_SELECTOR = YES;
				GCC_WARN_UNINITIALIZED_AUTOS = YES_AGGRESSIVE;
				GCC_WARN_UNUSED_FUNCTION = YES;
				GCC_WARN_UNUSED_VARIABLE = YES;
				IPHONEOS_DEPLOYMENT_TARGET = 9.3;
				MTL_ENABLE_DEBUG_INFO = YES;
				ONLY_ACTIVE_ARCH = YES;
				SDKROOT = iphoneos;
				SWIFT_OPTIMIZATION_LEVEL = "-Onone";
			};
			name = Debug;
		};
		8359CFD51D27282100A314EA /* Release */ = {
			isa = XCBuildConfiguration;
			buildSettings = {
				ALWAYS_SEARCH_USER_PATHS = NO;
				CLANG_ANALYZER_NONNULL = YES;
				CLANG_CXX_LANGUAGE_STANDARD = "gnu++0x";
				CLANG_CXX_LIBRARY = "libc++";
				CLANG_ENABLE_MODULES = YES;
				CLANG_ENABLE_OBJC_ARC = YES;
				CLANG_WARN_BOOL_CONVERSION = YES;
				CLANG_WARN_CONSTANT_CONVERSION = YES;
				CLANG_WARN_DIRECT_OBJC_ISA_USAGE = YES_ERROR;
				CLANG_WARN_EMPTY_BODY = YES;
				CLANG_WARN_ENUM_CONVERSION = YES;
				CLANG_WARN_INT_CONVERSION = YES;
				CLANG_WARN_OBJC_ROOT_CLASS = YES_ERROR;
				CLANG_WARN_UNREACHABLE_CODE = YES;
				CLANG_WARN__DUPLICATE_METHOD_MATCH = YES;
				"CODE_SIGN_IDENTITY[sdk=iphoneos*]" = "iPhone Developer";
				COPY_PHASE_STRIP = NO;
				DEBUG_INFORMATION_FORMAT = "dwarf-with-dsym";
				ENABLE_NS_ASSERTIONS = NO;
				ENABLE_STRICT_OBJC_MSGSEND = YES;
				GCC_C_LANGUAGE_STANDARD = gnu99;
				GCC_NO_COMMON_BLOCKS = YES;
				GCC_WARN_64_TO_32_BIT_CONVERSION = YES;
				GCC_WARN_ABOUT_RETURN_TYPE = YES_ERROR;
				GCC_WARN_UNDECLARED_SELECTOR = YES;
				GCC_WARN_UNINITIALIZED_AUTOS = YES_AGGRESSIVE;
				GCC_WARN_UNUSED_FUNCTION = YES;
				GCC_WARN_UNUSED_VARIABLE = YES;
				IPHONEOS_DEPLOYMENT_TARGET = 9.3;
				MTL_ENABLE_DEBUG_INFO = NO;
				SDKROOT = iphoneos;
				VALIDATE_PRODUCT = YES;
			};
			name = Release;
		};
		8359CFD71D27282100A314EA /* Debug */ = {
			isa = XCBuildConfiguration;
			buildSettings = {
				ASSETCATALOG_COMPILER_APPICON_NAME = AppIcon;
				CODE_SIGN_IDENTITY = "iPhone Developer";
				"CODE_SIGN_IDENTITY[sdk=iphoneos*]" = "iPhone Developer";
				INFOPLIST_FILE = "daze-swipe/Info.plist";
				LD_RUNPATH_SEARCH_PATHS = "$(inherited) @executable_path/Frameworks";
				PRODUCT_BUNDLE_IDENTIFIER = "com.alb.daze-swipe";
				PRODUCT_NAME = "$(TARGET_NAME)";
				PROVISIONING_PROFILE = "";
			};
			name = Debug;
		};
		8359CFD81D27282100A314EA /* Release */ = {
			isa = XCBuildConfiguration;
			buildSettings = {
				ASSETCATALOG_COMPILER_APPICON_NAME = AppIcon;
				CODE_SIGN_IDENTITY = "iPhone Developer";
				"CODE_SIGN_IDENTITY[sdk=iphoneos*]" = "iPhone Developer";
				INFOPLIST_FILE = "daze-swipe/Info.plist";
				LD_RUNPATH_SEARCH_PATHS = "$(inherited) @executable_path/Frameworks";
				PRODUCT_BUNDLE_IDENTIFIER = "com.alb.daze-swipe";
				PRODUCT_NAME = "$(TARGET_NAME)";
				PROVISIONING_PROFILE = "";
			};
			name = Release;
		};
		8359CFDA1D27282100A314EA /* Debug */ = {
			isa = XCBuildConfiguration;
			buildSettings = {
				BUNDLE_LOADER = "$(TEST_HOST)";
				INFOPLIST_FILE = "daze-swipeTests/Info.plist";
				LD_RUNPATH_SEARCH_PATHS = "$(inherited) @executable_path/Frameworks @loader_path/Frameworks";
				PRODUCT_BUNDLE_IDENTIFIER = "com.alb.daze-swipeTests";
				PRODUCT_NAME = "$(TARGET_NAME)";
				TEST_HOST = "$(BUILT_PRODUCTS_DIR)/daze-swipe.app/daze-swipe";
			};
			name = Debug;
		};
		8359CFDB1D27282100A314EA /* Release */ = {
			isa = XCBuildConfiguration;
			buildSettings = {
				BUNDLE_LOADER = "$(TEST_HOST)";
				INFOPLIST_FILE = "daze-swipeTests/Info.plist";
				LD_RUNPATH_SEARCH_PATHS = "$(inherited) @executable_path/Frameworks @loader_path/Frameworks";
				PRODUCT_BUNDLE_IDENTIFIER = "com.alb.daze-swipeTests";
				PRODUCT_NAME = "$(TARGET_NAME)";
				TEST_HOST = "$(BUILT_PRODUCTS_DIR)/daze-swipe.app/daze-swipe";
			};
			name = Release;
		};
		8359CFDD1D27282100A314EA /* Debug */ = {
			isa = XCBuildConfiguration;
			buildSettings = {
				INFOPLIST_FILE = "daze-swipeUITests/Info.plist";
				LD_RUNPATH_SEARCH_PATHS = "$(inherited) @executable_path/Frameworks @loader_path/Frameworks";
				PRODUCT_BUNDLE_IDENTIFIER = "com.alb.daze-swipeUITests";
				PRODUCT_NAME = "$(TARGET_NAME)";
				TEST_TARGET_NAME = "daze-swipe";
			};
			name = Debug;
		};
		8359CFDE1D27282100A314EA /* Release */ = {
			isa = XCBuildConfiguration;
			buildSettings = {
				INFOPLIST_FILE = "daze-swipeUITests/Info.plist";
				LD_RUNPATH_SEARCH_PATHS = "$(inherited) @executable_path/Frameworks @loader_path/Frameworks";
				PRODUCT_BUNDLE_IDENTIFIER = "com.alb.daze-swipeUITests";
				PRODUCT_NAME = "$(TARGET_NAME)";
				TEST_TARGET_NAME = "daze-swipe";
			};
			name = Release;
		};
/* End XCBuildConfiguration section */

/* Begin XCConfigurationList section */
		8359CFA61D27282100A314EA /* Build configuration list for PBXProject "daze-swipe" */ = {
			isa = XCConfigurationList;
			buildConfigurations = (
				8359CFD41D27282100A314EA /* Debug */,
				8359CFD51D27282100A314EA /* Release */,
			);
			defaultConfigurationIsVisible = 0;
			defaultConfigurationName = Release;
		};
		8359CFD61D27282100A314EA /* Build configuration list for PBXNativeTarget "daze-swipe" */ = {
			isa = XCConfigurationList;
			buildConfigurations = (
				8359CFD71D27282100A314EA /* Debug */,
				8359CFD81D27282100A314EA /* Release */,
			);
			defaultConfigurationIsVisible = 0;
			defaultConfigurationName = Release;
		};
		8359CFD91D27282100A314EA /* Build configuration list for PBXNativeTarget "daze-swipeTests" */ = {
			isa = XCConfigurationList;
			buildConfigurations = (
				8359CFDA1D27282100A314EA /* Debug */,
				8359CFDB1D27282100A314EA /* Release */,
			);
			defaultConfigurationIsVisible = 0;
			defaultConfigurationName = Release;
		};
		8359CFDC1D27282100A314EA /* Build configuration list for PBXNativeTarget "daze-swipeUITests" */ = {
			isa = XCConfigurationList;
			buildConfigurations = (
				8359CFDD1D27282100A314EA /* Debug */,
				8359CFDE1D27282100A314EA /* Release */,
			);
			defaultConfigurationIsVisible = 0;
			defaultConfigurationName = Release;
		};
/* End XCConfigurationList section */

/* Begin XCVersionGroup section */
		8359CFB51D27282100A314EA /* daze_swipe.xcdatamodeld */ = {
			isa = XCVersionGroup;
			children = (
				8359CFB61D27282100A314EA /* daze_swipe.xcdatamodel */,
			);
			currentVersion = 8359CFB61D27282100A314EA /* daze_swipe.xcdatamodel */;
			path = daze_swipe.xcdatamodeld;
			sourceTree = "<group>";
			versionGroupType = wrapper.xcdatamodel;
		};
/* End XCVersionGroup section */
	};
	rootObject = 8359CFA31D27282100A314EA /* Project object */;
}
